
Microsoft Visual Studio Solution File, Format Version 12.00
# Visual Studio Version 17
VisualStudioVersion = 17.13.35931.197
MinimumVisualStudioVersion = 10.0.40219.1
Project("{FAE04EC0-301F-11D3-BF4B-00C04F79EFBC}") = "ControleDeBar.ConsoleApp", "ControleDeBar.ConsoleApp\ControleDeBar.ConsoleApp.csproj", "{F5D7E1CD-8199-4531-BB4E-9FA636175DF5}"
EndProject
Project("{2150E333-8FDC-42A3-9474-1A3956D46DE8}") = "1. Apresentação", "1. Apresentação", "{02EA681E-C7D8-13C7-8484-4AC65E1B71E8}"
EndProject
Project("{2150E333-8FDC-42A3-9474-1A3956D46DE8}") = "2. Domínio", "2. Domínio", "{5E598C80-0418-4A61-8C8F-8FE4956319D5}"
EndProject
Project("{2150E333-8FDC-42A3-9474-1A3956D46DE8}") = "3. Infraestrutura", "3. Infraestrutura", "{D4D70EE3-5D9C-4E3D-B676-9B4C690DC5B6}"
EndProject
Project("{FAE04EC0-301F-11D3-BF4B-00C04F79EFBC}") = "ControleDeBar.Dominio", "ControleDeBar.Dominio\ControleDeBar.Dominio.csproj", "{85780744-3C30-4FD1-86A4-21DF03EAB711}"
EndProject
Project("{FAE04EC0-301F-11D3-BF4B-00C04F79EFBC}") = "ControleDeBar.Infraestrutura.Memoria", "ControleDeBar.Infraestrutura.Memoria\ControleDeBar.Infraestrutura.Memoria.csproj", "{74D19924-11D3-4D76-88E1-7727F1661FC7}"
EndProject
Project("{FAE04EC0-301F-11D3-BF4B-00C04F79EFBC}") = "ControleDeBar.Infraestrutura.Arquivos", "ControleBar.Infraestrutura.Arquivos\ControleDeBar.Infraestrutura.Arquivos.csproj", "{8444A451-85D2-470A-B1DE-BD471C2F07F8}"
EndProject
Project("{FAE04EC0-301F-11D3-BF4B-00C04F79EFBC}") = "ControleDeBar.WebApp", "ControleDeBar.WebApp\ControleDeBar.WebApp.csproj", "{6391F1F8-1AA2-40EF-AD26-C382B72EAD8F}"
EndProject
Global
	GlobalSection(SolutionConfigurationPlatforms) = preSolution
		Debug|Any CPU = Debug|Any CPU
		Release|Any CPU = Release|Any CPU
	EndGlobalSection
	GlobalSection(ProjectConfigurationPlatforms) = postSolution
		{F5D7E1CD-8199-4531-BB4E-9FA636175DF5}.Debug|Any CPU.ActiveCfg = Debug|Any CPU
		{F5D7E1CD-8199-4531-BB4E-9FA636175DF5}.Debug|Any CPU.Build.0 = Debug|Any CPU
		{F5D7E1CD-8199-4531-BB4E-9FA636175DF5}.Release|Any CPU.ActiveCfg = Release|Any CPU
		{F5D7E1CD-8199-4531-BB4E-9FA636175DF5}.Release|Any CPU.Build.0 = Release|Any CPU
		{85780744-3C30-4FD1-86A4-21DF03EAB711}.Debug|Any CPU.ActiveCfg = Debug|Any CPU
		{85780744-3C30-4FD1-86A4-21DF03EAB711}.Debug|Any CPU.Build.0 = Debug|Any CPU
		{85780744-3C30-4FD1-86A4-21DF03EAB711}.Release|Any CPU.ActiveCfg = Release|Any CPU
		{85780744-3C30-4FD1-86A4-21DF03EAB711}.Release|Any CPU.Build.0 = Release|Any CPU
		{74D19924-11D3-4D76-88E1-7727F1661FC7}.Debug|Any CPU.ActiveCfg = Debug|Any CPU
		{74D19924-11D3-4D76-88E1-7727F1661FC7}.Debug|Any CPU.Build.0 = Debug|Any CPU
		{74D19924-11D3-4D76-88E1-7727F1661FC7}.Release|Any CPU.ActiveCfg = Release|Any CPU
		{74D19924-11D3-4D76-88E1-7727F1661FC7}.Release|Any CPU.Build.0 = Release|Any CPU
		{8444A451-85D2-470A-B1DE-BD471C2F07F8}.Debug|Any CPU.ActiveCfg = Debug|Any CPU
		{8444A451-85D2-470A-B1DE-BD471C2F07F8}.Debug|Any CPU.Build.0 = Debug|Any CPU
		{8444A451-85D2-470A-B1DE-BD471C2F07F8}.Release|Any CPU.ActiveCfg = Release|Any CPU
		{8444A451-85D2-470A-B1DE-BD471C2F07F8}.Release|Any CPU.Build.0 = Release|Any CPU
		{6391F1F8-1AA2-40EF-AD26-C382B72EAD8F}.Debug|Any CPU.ActiveCfg = Debug|Any CPU
		{6391F1F8-1AA2-40EF-AD26-C382B72EAD8F}.Debug|Any CPU.Build.0 = Debug|Any CPU
		{6391F1F8-1AA2-40EF-AD26-C382B72EAD8F}.Release|Any CPU.ActiveCfg = Release|Any CPU
		{6391F1F8-1AA2-40EF-AD26-C382B72EAD8F}.Release|Any CPU.Build.0 = Release|Any CPU
	EndGlobalSection
	GlobalSection(SolutionProperties) = preSolution
		HideSolutionNode = FALSE
	EndGlobalSection
	GlobalSection(NestedProjects) = preSolution
		{F5D7E1CD-8199-4531-BB4E-9FA636175DF5} = {02EA681E-C7D8-13C7-8484-4AC65E1B71E8}
		{85780744-3C30-4FD1-86A4-21DF03EAB711} = {5E598C80-0418-4A61-8C8F-8FE4956319D5}
		{74D19924-11D3-4D76-88E1-7727F1661FC7} = {D4D70EE3-5D9C-4E3D-B676-9B4C690DC5B6}
		{8444A451-85D2-470A-B1DE-BD471C2F07F8} = {D4D70EE3-5D9C-4E3D-B676-9B4C690DC5B6}
		{6391F1F8-1AA2-40EF-AD26-C382B72EAD8F} = {02EA681E-C7D8-13C7-8484-4AC65E1B71E8}
	EndGlobalSection
	GlobalSection(ExtensibilityGlobals) = postSolution
		SolutionGuid = {7D88AED6-E325-4DC9-9999-0FC5A0C00866}
	EndGlobalSection
EndGlobal
